<?xml version="1.0" encoding="utf-8"?>
<Project ToolsVersion="16.0" xmlns="http://schemas.microsoft.com/developer/msbuild/2003">
  <ItemGroup>
    <CustomBuild Include="D:\GitHub\game2d\template1_cpp\CMakeFiles\a3c2ecb5e1126a8cb391d9b31cd4dae8\generate.stamp.rule">
      <Filter>CMake Rules</Filter>
    </CustomBuild>
  </ItemGroup>
  <ItemGroup>
    <Filter Include="CMake Rules">
      <UniqueIdentifier>{2924623E-BEAB-39BB-814C-EAE578D99D5E}</UniqueIdentifier>
    </Filter>
  </ItemGroup>
</Project>
